
Microsoft Visual Studio Solution File, Format Version 12.00
# Visual Studio Version 17
VisualStudioVersion = 17.9.34622.214
MinimumVisualStudioVersion = 10.0.40219.1
Project("{8BC9CEB8-8B4A-11D0-8D11-00A0C91BC942}") = "BOJ_4158", "BOJ_4158.vcxproj", "{A7B09EFE-2AA7-4704-84AD-B30334DC31C0}"
EndProject
Global
	GlobalSection(SolutionConfigurationPlatforms) = preSolution
		Debug|x64 = Debug|x64
		Release|x64 = Release|x64
	EndGlobalSection
	GlobalSection(ProjectConfigurationPlatforms) = postSolution
		{A7B09EFE-2AA7-4704-84AD-B30334DC31C0}.Debug|x64.ActiveCfg = Debug|x64
		{A7B09EFE-2AA7-4704-84AD-B30334DC31C0}.Debug|x64.Build.0 = Debug|x64
		{A7B09EFE-2AA7-4704-84AD-B30334DC31C0}.Release|x64.ActiveCfg = Release|x64
		{A7B09EFE-2AA7-4704-84AD-B30334DC31C0}.Release|x64.Build.0 = Release|x64
	EndGlobalSection
	GlobalSection(SolutionProperties) = preSolution
		HideSolutionNode = FALSE
	EndGlobalSection
	GlobalSection(ExtensibilityGlobals) = postSolution
		SolutionGuid = {A28C31D3-006D-4746-8438-0B509FB31780}
	EndGlobalSection
EndGlobal
